<?xml version="1.0" encoding="utf-8"?>
<Project ToolsVersion="4.0" xmlns="http://schemas.microsoft.com/developer/msbuild/2003">
  <ItemGroup>
    <Filter Include="Header Files">
      <UniqueIdentifier>{70529b02-b3b3-4b26-bc58-0e987c13c435}</UniqueIdentifier>
    </Filter>
    <Filter Include="Source Files">
      <UniqueIdentifier>{6036ba3d-662c-485a-a71c-c336fe98a1a7}</UniqueIdentifier>
    </Filter>
    <Filter Include="Resource Files">
      <UniqueIdentifier>{f25fc16e-56a7-4988-8dc8-eef86d6077bc}</UniqueIdentifier>
    </Filter>
    <Filter Include="Setup Files">
      <UniqueIdentifier>{b8d69e00-9ddf-4a09-846c-7a45e490c44a}</UniqueIdentifier>
    </Filter>
  </ItemGroup>
  <ItemGroup>
    <ClInclude Include="mp.h">
      <Filter>Header Files</Filter>
    </ClInclude>
    <ClInclude Include="mp_dbg.h">
      <Filter>Header Files</Filter>
    </ClInclude>
    <ClInclude Include="mp_def.h">
      <Filter>Header Files</Filter>
    </ClInclude>
    <ClInclude Include="mp_nic.h">
      <Filter>Header Files</Filter>
    </ClInclude>
    <ClInclude Include="precomp.h">
      <Filter>Header Files</Filter>
    </ClInclude>
    <ClInclude Include="rt_def.h">
      <Filter>Header Files</Filter>
    </ClInclude>
    <ClInclude Include="rt_equ.h">
      <Filter>Header Files</Filter>
    </ClInclude>
    <ClInclude Include="rt_func.h">
      <Filter>Header Files</Filter>
    </ClInclude>
    <ClInclude Include="rt_reg.h">
      <Filter>Header Files</Filter>
    </ClInclude>
    <ClInclude Include="rt_sup.h">
      <Filter>Header Files</Filter>
    </ClInclude>
    <ClInclude Include="adapter.h">
      <Filter>Header Files</Filter>
    </ClInclude>
    <ClInclude Include="device.h">
      <Filter>Header Files</Filter>
    </ClInclude>
    <ClInclude Include="trace.h">
      <Filter>Header Files</Filter>
    </ClInclude>
    <ClInclude Include="oid.h">
      <Filter>Header Files</Filter>
    </ClInclude>
    <ClInclude Include="txqueue.h">
      <Filter>Header Files</Filter>
    </ClInclude>
    <ClInclude Include="rxqueue.h">
      <Filter>Header Files</Filter>
    </ClInclude>
    <ClInclude Include="txqueue.h">
      <Filter>Header Files</Filter>
    </ClInclude>
    <ClInclude Include="stats.h">
      <Filter>Header Files</Filter>
    </ClInclude>
  </ItemGroup>
  <ItemGroup>
    <ClCompile Include="driver.cpp">
      <Filter>Source Files</Filter>
    </ClCompile>
    <ClCompile Include="adapter.cpp">
      <Filter>Source Files</Filter>
    </ClCompile>
    <ClCompile Include="device.cpp">
      <Filter>Source Files</Filter>
    </ClCompile>
    <ClCompile Include="oid.cpp">
      <Filter>Source Files</Filter>
    </ClCompile>
    <ClCompile Include="mp_init.cpp">
      <Filter>Source Files</Filter>
    </ClCompile>
    <ClCompile Include="mp_nic.cpp">
      <Filter>Source Files</Filter>
    </ClCompile>
    <ClCompile Include="routines.cpp">
      <Filter>Source Files</Filter>
    </ClCompile>
    <ClCompile Include="rt_func.cpp">
      <Filter>Source Files</Filter>
    </ClCompile>
    <ClCompile Include="physet.cpp">
      <Filter>Source Files</Filter>
    </ClCompile>
    <ClCompile Include="txqueue.cpp">
      <Filter>Source Files</Filter>
    </ClCompile>
    <ClCompile Include="rxqueue.cpp">
      <Filter>Source Files</Filter>
    </ClCompile>
    <ClCompile Include="txqueue.cpp">
      <Filter>Source Files</Filter>
    </ClCompile>
    <ClCompile Include="stats.cpp">
      <Filter>Source Files</Filter>
    </ClCompile>
  </ItemGroup>
  <ItemGroup>
    <ResourceCompile Include="rtk.rc">
      <Filter>Resource Files</Filter>
    </ResourceCompile>
  </ItemGroup>
  <ItemGroup>
    <Inf Include="RtEthSample.inx">
      <Filter>Setup Files</Filter>
    </Inf>
  </ItemGroup>
</Project>